
Microsoft Visual Studio Solution File, Format Version 12.00
# Visual Studio 15
VisualStudioVersion = 15.0.28307.168
MinimumVisualStudioVersion = 10.0.40219.1
Project("{FAE04EC0-301F-11D3-BF4B-00C04F79EFBC}") = "WhoIsReviewerToday.Bot", "WhoIsReviewerToday.Bot\WhoIsReviewerToday.Bot.csproj", "{45BC5982-25A0-427C-9365-37F7D94366E3}"
EndProject
Project("{FAE04EC0-301F-11D3-BF4B-00C04F79EFBC}") = "WhoIsReviewerToday.Main", "WhoIsReviewerToday.Main\WhoIsReviewerToday.Main.csproj", "{E6ABDD41-7CF1-467B-A0FE-C41159B71AD6}"
EndProject
Project("{FAE04EC0-301F-11D3-BF4B-00C04F79EFBC}") = "WhoIsReviewerToday.Bot.Tests", "WhoIsReviewerToday.Bot.Tests\WhoIsReviewerToday.Bot.Tests.csproj", "{BFAAD21A-C9FC-45BC-8E3F-0DC961BDD9C9}"
EndProject
Project("{2150E333-8FDC-42A3-9474-1A3956D46DE8}") = "Tests", "Tests", "{BC4CA611-46C1-495B-B6DB-8F37ACEFF891}"
EndProject
Project("{2150E333-8FDC-42A3-9474-1A3956D46DE8}") = "Lib", "Lib", "{8996153F-7001-45A6-940C-8E8575ACAE12}"
EndProject
Global
	GlobalSection(SolutionConfigurationPlatforms) = preSolution
		Debug|Any CPU = Debug|Any CPU
		Release|Any CPU = Release|Any CPU
	EndGlobalSection
	GlobalSection(ProjectConfigurationPlatforms) = postSolution
		{45BC5982-25A0-427C-9365-37F7D94366E3}.Debug|Any CPU.ActiveCfg = Debug|Any CPU
		{45BC5982-25A0-427C-9365-37F7D94366E3}.Debug|Any CPU.Build.0 = Debug|Any CPU
		{45BC5982-25A0-427C-9365-37F7D94366E3}.Release|Any CPU.ActiveCfg = Release|Any CPU
		{45BC5982-25A0-427C-9365-37F7D94366E3}.Release|Any CPU.Build.0 = Release|Any CPU
		{E6ABDD41-7CF1-467B-A0FE-C41159B71AD6}.Debug|Any CPU.ActiveCfg = Debug|Any CPU
		{E6ABDD41-7CF1-467B-A0FE-C41159B71AD6}.Debug|Any CPU.Build.0 = Debug|Any CPU
		{E6ABDD41-7CF1-467B-A0FE-C41159B71AD6}.Release|Any CPU.ActiveCfg = Release|Any CPU
		{E6ABDD41-7CF1-467B-A0FE-C41159B71AD6}.Release|Any CPU.Build.0 = Release|Any CPU
		{BFAAD21A-C9FC-45BC-8E3F-0DC961BDD9C9}.Debug|Any CPU.ActiveCfg = Debug|Any CPU
		{BFAAD21A-C9FC-45BC-8E3F-0DC961BDD9C9}.Debug|Any CPU.Build.0 = Debug|Any CPU
		{BFAAD21A-C9FC-45BC-8E3F-0DC961BDD9C9}.Release|Any CPU.ActiveCfg = Release|Any CPU
		{BFAAD21A-C9FC-45BC-8E3F-0DC961BDD9C9}.Release|Any CPU.Build.0 = Release|Any CPU
	EndGlobalSection
	GlobalSection(SolutionProperties) = preSolution
		HideSolutionNode = FALSE
	EndGlobalSection
	GlobalSection(NestedProjects) = preSolution
		{45BC5982-25A0-427C-9365-37F7D94366E3} = {8996153F-7001-45A6-940C-8E8575ACAE12}
		{BFAAD21A-C9FC-45BC-8E3F-0DC961BDD9C9} = {BC4CA611-46C1-495B-B6DB-8F37ACEFF891}
	EndGlobalSection
	GlobalSection(ExtensibilityGlobals) = postSolution
		SolutionGuid = {5CE86644-C331-43DD-B157-2D2B337CE5ED}
	EndGlobalSection
EndGlobal
