
Microsoft Visual Studio Solution File, Format Version 12.00
# Visual Studio 15
VisualStudioVersion = 15.0.28307.168
MinimumVisualStudioVersion = 10.0.40219.1
Project("{9A19103F-16F7-4668-BE54-9A1E7A4F7556}") = "WhoIsReviewerToday.Bot.Tests", "WhoIsReviewerToday.Bot.Tests\WhoIsReviewerToday.Bot.Tests.csproj", "{BFAAD21A-C9FC-45BC-8E3F-0DC961BDD9C9}"
EndProject
Project("{2150E333-8FDC-42A3-9474-1A3956D46DE8}") = "Tests", "Tests", "{BC4CA611-46C1-495B-B6DB-8F37ACEFF891}"
EndProject
Project("{2150E333-8FDC-42A3-9474-1A3956D46DE8}") = "Lib", "Lib", "{8996153F-7001-45A6-940C-8E8575ACAE12}"
EndProject
Project("{9A19103F-16F7-4668-BE54-9A1E7A4F7556}") = "WhoIsReviewerToday.Web", "WhoIsReviewerToday.Web\WhoIsReviewerToday.Web.csproj", "{6B0BFA8F-26DF-4B77-AEFD-4920D8E63F21}"
EndProject
Project("{2150E333-8FDC-42A3-9474-1A3956D46DE8}") = "Run", "Run", "{A55EA613-8564-4DEC-8580-E8E8F17AC53B}"
EndProject
Project("{9A19103F-16F7-4668-BE54-9A1E7A4F7556}") = "WhoIsReviewerToday.Infrastructure.EntityFramework", "WhoIsReviewerToday.Infrastructure.EntityFramework\WhoIsReviewerToday.Infrastructure.EntityFramework.csproj", "{882B9F70-2D82-4A12-88A9-8F4D0A2E5EEC}"
EndProject
Project("{9A19103F-16F7-4668-BE54-9A1E7A4F7556}") = "WhoIsReviewerToday.Domain", "WhoIsReviewerToday.Domain\WhoIsReviewerToday.Domain.csproj", "{96DA919E-9DD5-4604-A24D-4AA6E645013C}"
EndProject
Project("{9A19103F-16F7-4668-BE54-9A1E7A4F7556}") = "WhoIsReviewerToday.Infrastructure", "WhoIsReviewerToday.Infrastructure\WhoIsReviewerToday.Infrastructure.csproj", "{4DE1B6EA-80B1-4636-A33C-CDC31016A432}"
EndProject
Project("{9A19103F-16F7-4668-BE54-9A1E7A4F7556}") = "WhoIsReviewerToday.Bot", "WhoIsReviewerToday.Bot\WhoIsReviewerToday.Bot.csproj", "{9B06071A-5371-482D-B746-A6649454A1DF}"
EndProject
Project("{9A19103F-16F7-4668-BE54-9A1E7A4F7556}") = "WhoIsReviewerToday.Infrastructure.Tests", "WhoIsReviewerToday.Infrastructure.Tests\WhoIsReviewerToday.Infrastructure.Tests.csproj", "{843CC1F4-5DD8-4181-A27B-30ACD6E4AFDD}"
EndProject
Project("{9A19103F-16F7-4668-BE54-9A1E7A4F7556}") = "WhoIsReviewerToday.Infrastructure.EntityFramework.Tests", "WhoIsReviewerToday.Infrastructure.EntityFramework.Tests\WhoIsReviewerToday.Infrastructure.EntityFramework.Tests.csproj", "{209B7647-E147-4BBD-834E-8EF087E79057}"
EndProject
Project("{9A19103F-16F7-4668-BE54-9A1E7A4F7556}") = "WhoIsReviewerToday.Infrastructure.Scheduling", "WhoIsReviewerToday.Infrastructure.Scheduling\WhoIsReviewerToday.Infrastructure.Scheduling.csproj", "{66E652C3-E2FD-4BF1-9C19-7029431D924D}"
EndProject
Project("{9A19103F-16F7-4668-BE54-9A1E7A4F7556}") = "WhoIsReviewerToday.Common", "WhoIsReviewerToday.Common\WhoIsReviewerToday.Common.csproj", "{A48AEBAC-4B7C-493C-B412-698E9E6C4990}"
EndProject
Project("{FAE04EC0-301F-11D3-BF4B-00C04F79EFBC}") = "WhoIsReviewerToday.Domain.Tests", "WhoIsReviewerToday.Domain.Tests\WhoIsReviewerToday.Domain.Tests.csproj", "{B16FA1AA-B9D9-442A-87EE-113AC8630032}"
EndProject
Project("{FAE04EC0-301F-11D3-BF4B-00C04F79EFBC}") = "WhoIsReviewerToday.Localhost", "WhoIsReviewerToday.Localhost\WhoIsReviewerToday.Localhost.csproj", "{D7FE37DD-EA6C-40D8-99BF-78E224B0B156}"
EndProject
Global
	GlobalSection(SolutionConfigurationPlatforms) = preSolution
		Debug|Any CPU = Debug|Any CPU
		Release|Any CPU = Release|Any CPU
	EndGlobalSection
	GlobalSection(ProjectConfigurationPlatforms) = postSolution
		{BFAAD21A-C9FC-45BC-8E3F-0DC961BDD9C9}.Debug|Any CPU.ActiveCfg = Debug|Any CPU
		{BFAAD21A-C9FC-45BC-8E3F-0DC961BDD9C9}.Debug|Any CPU.Build.0 = Debug|Any CPU
		{BFAAD21A-C9FC-45BC-8E3F-0DC961BDD9C9}.Release|Any CPU.ActiveCfg = Release|Any CPU
		{BFAAD21A-C9FC-45BC-8E3F-0DC961BDD9C9}.Release|Any CPU.Build.0 = Release|Any CPU
		{6B0BFA8F-26DF-4B77-AEFD-4920D8E63F21}.Debug|Any CPU.ActiveCfg = Debug|Any CPU
		{6B0BFA8F-26DF-4B77-AEFD-4920D8E63F21}.Debug|Any CPU.Build.0 = Debug|Any CPU
		{6B0BFA8F-26DF-4B77-AEFD-4920D8E63F21}.Release|Any CPU.ActiveCfg = Release|Any CPU
		{6B0BFA8F-26DF-4B77-AEFD-4920D8E63F21}.Release|Any CPU.Build.0 = Release|Any CPU
		{882B9F70-2D82-4A12-88A9-8F4D0A2E5EEC}.Debug|Any CPU.ActiveCfg = Debug|Any CPU
		{882B9F70-2D82-4A12-88A9-8F4D0A2E5EEC}.Debug|Any CPU.Build.0 = Debug|Any CPU
		{882B9F70-2D82-4A12-88A9-8F4D0A2E5EEC}.Release|Any CPU.ActiveCfg = Release|Any CPU
		{882B9F70-2D82-4A12-88A9-8F4D0A2E5EEC}.Release|Any CPU.Build.0 = Release|Any CPU
		{96DA919E-9DD5-4604-A24D-4AA6E645013C}.Debug|Any CPU.ActiveCfg = Debug|Any CPU
		{96DA919E-9DD5-4604-A24D-4AA6E645013C}.Debug|Any CPU.Build.0 = Debug|Any CPU
		{96DA919E-9DD5-4604-A24D-4AA6E645013C}.Release|Any CPU.ActiveCfg = Release|Any CPU
		{96DA919E-9DD5-4604-A24D-4AA6E645013C}.Release|Any CPU.Build.0 = Release|Any CPU
		{4DE1B6EA-80B1-4636-A33C-CDC31016A432}.Debug|Any CPU.ActiveCfg = Debug|Any CPU
		{4DE1B6EA-80B1-4636-A33C-CDC31016A432}.Debug|Any CPU.Build.0 = Debug|Any CPU
		{4DE1B6EA-80B1-4636-A33C-CDC31016A432}.Release|Any CPU.ActiveCfg = Release|Any CPU
		{4DE1B6EA-80B1-4636-A33C-CDC31016A432}.Release|Any CPU.Build.0 = Release|Any CPU
		{9B06071A-5371-482D-B746-A6649454A1DF}.Debug|Any CPU.ActiveCfg = Debug|Any CPU
		{9B06071A-5371-482D-B746-A6649454A1DF}.Debug|Any CPU.Build.0 = Debug|Any CPU
		{9B06071A-5371-482D-B746-A6649454A1DF}.Release|Any CPU.ActiveCfg = Release|Any CPU
		{9B06071A-5371-482D-B746-A6649454A1DF}.Release|Any CPU.Build.0 = Release|Any CPU
		{843CC1F4-5DD8-4181-A27B-30ACD6E4AFDD}.Debug|Any CPU.ActiveCfg = Debug|Any CPU
		{843CC1F4-5DD8-4181-A27B-30ACD6E4AFDD}.Debug|Any CPU.Build.0 = Debug|Any CPU
		{843CC1F4-5DD8-4181-A27B-30ACD6E4AFDD}.Release|Any CPU.ActiveCfg = Release|Any CPU
		{843CC1F4-5DD8-4181-A27B-30ACD6E4AFDD}.Release|Any CPU.Build.0 = Release|Any CPU
		{209B7647-E147-4BBD-834E-8EF087E79057}.Debug|Any CPU.ActiveCfg = Debug|Any CPU
		{209B7647-E147-4BBD-834E-8EF087E79057}.Debug|Any CPU.Build.0 = Debug|Any CPU
		{209B7647-E147-4BBD-834E-8EF087E79057}.Release|Any CPU.ActiveCfg = Release|Any CPU
		{209B7647-E147-4BBD-834E-8EF087E79057}.Release|Any CPU.Build.0 = Release|Any CPU
		{66E652C3-E2FD-4BF1-9C19-7029431D924D}.Debug|Any CPU.ActiveCfg = Debug|Any CPU
		{66E652C3-E2FD-4BF1-9C19-7029431D924D}.Debug|Any CPU.Build.0 = Debug|Any CPU
		{66E652C3-E2FD-4BF1-9C19-7029431D924D}.Release|Any CPU.ActiveCfg = Release|Any CPU
		{66E652C3-E2FD-4BF1-9C19-7029431D924D}.Release|Any CPU.Build.0 = Release|Any CPU
		{A48AEBAC-4B7C-493C-B412-698E9E6C4990}.Debug|Any CPU.ActiveCfg = Debug|Any CPU
		{A48AEBAC-4B7C-493C-B412-698E9E6C4990}.Debug|Any CPU.Build.0 = Debug|Any CPU
		{A48AEBAC-4B7C-493C-B412-698E9E6C4990}.Release|Any CPU.ActiveCfg = Release|Any CPU
		{A48AEBAC-4B7C-493C-B412-698E9E6C4990}.Release|Any CPU.Build.0 = Release|Any CPU
		{B16FA1AA-B9D9-442A-87EE-113AC8630032}.Debug|Any CPU.ActiveCfg = Debug|Any CPU
		{B16FA1AA-B9D9-442A-87EE-113AC8630032}.Debug|Any CPU.Build.0 = Debug|Any CPU
		{B16FA1AA-B9D9-442A-87EE-113AC8630032}.Release|Any CPU.ActiveCfg = Release|Any CPU
		{B16FA1AA-B9D9-442A-87EE-113AC8630032}.Release|Any CPU.Build.0 = Release|Any CPU
		{D7FE37DD-EA6C-40D8-99BF-78E224B0B156}.Debug|Any CPU.ActiveCfg = Debug|Any CPU
		{D7FE37DD-EA6C-40D8-99BF-78E224B0B156}.Debug|Any CPU.Build.0 = Debug|Any CPU
		{D7FE37DD-EA6C-40D8-99BF-78E224B0B156}.Release|Any CPU.ActiveCfg = Release|Any CPU
		{D7FE37DD-EA6C-40D8-99BF-78E224B0B156}.Release|Any CPU.Build.0 = Release|Any CPU
	EndGlobalSection
	GlobalSection(SolutionProperties) = preSolution
		HideSolutionNode = FALSE
	EndGlobalSection
	GlobalSection(NestedProjects) = preSolution
		{BFAAD21A-C9FC-45BC-8E3F-0DC961BDD9C9} = {BC4CA611-46C1-495B-B6DB-8F37ACEFF891}
		{6B0BFA8F-26DF-4B77-AEFD-4920D8E63F21} = {A55EA613-8564-4DEC-8580-E8E8F17AC53B}
		{882B9F70-2D82-4A12-88A9-8F4D0A2E5EEC} = {8996153F-7001-45A6-940C-8E8575ACAE12}
		{96DA919E-9DD5-4604-A24D-4AA6E645013C} = {8996153F-7001-45A6-940C-8E8575ACAE12}
		{4DE1B6EA-80B1-4636-A33C-CDC31016A432} = {8996153F-7001-45A6-940C-8E8575ACAE12}
		{9B06071A-5371-482D-B746-A6649454A1DF} = {8996153F-7001-45A6-940C-8E8575ACAE12}
		{843CC1F4-5DD8-4181-A27B-30ACD6E4AFDD} = {BC4CA611-46C1-495B-B6DB-8F37ACEFF891}
		{209B7647-E147-4BBD-834E-8EF087E79057} = {BC4CA611-46C1-495B-B6DB-8F37ACEFF891}
		{66E652C3-E2FD-4BF1-9C19-7029431D924D} = {8996153F-7001-45A6-940C-8E8575ACAE12}
		{A48AEBAC-4B7C-493C-B412-698E9E6C4990} = {8996153F-7001-45A6-940C-8E8575ACAE12}
		{B16FA1AA-B9D9-442A-87EE-113AC8630032} = {BC4CA611-46C1-495B-B6DB-8F37ACEFF891}
		{D7FE37DD-EA6C-40D8-99BF-78E224B0B156} = {A55EA613-8564-4DEC-8580-E8E8F17AC53B}
	EndGlobalSection
	GlobalSection(ExtensibilityGlobals) = postSolution
		SolutionGuid = {5CE86644-C331-43DD-B157-2D2B337CE5ED}
	EndGlobalSection
EndGlobal
